
Microsoft Visual Studio Solution File, Format Version 12.00
# Visual Studio Version 17
VisualStudioVersion = 17.4.33205.214
MinimumVisualStudioVersion = 10.0.40219.1
Project("{FAE04EC0-301F-11D3-BF4B-00C04F79EFBC}") = "TodoListsApp", "TodoListsApp\TodoListsApp.csproj", "{292458E8-7125-4C87-99DD-F274B5607A40}"
EndProject
Global
	GlobalSection(SolutionConfigurationPlatforms) = preSolution
		Debug|Any CPU = Debug|Any CPU
		Release|Any CPU = Release|Any CPU
	EndGlobalSection
	GlobalSection(ProjectConfigurationPlatforms) = postSolution
		{292458E8-7125-4C87-99DD-F274B5607A40}.Debug|Any CPU.ActiveCfg = Debug|Any CPU
		{292458E8-7125-4C87-99DD-F274B5607A40}.Debug|Any CPU.Build.0 = Debug|Any CPU
		{292458E8-7125-4C87-99DD-F274B5607A40}.Release|Any CPU.ActiveCfg = Release|Any CPU
		{292458E8-7125-4C87-99DD-F274B5607A40}.Release|Any CPU.Build.0 = Release|Any CPU
	EndGlobalSection
	GlobalSection(SolutionProperties) = preSolution
		HideSolutionNode = FALSE
	EndGlobalSection
	GlobalSection(ExtensibilityGlobals) = postSolution
		SolutionGuid = {6D932B64-B0B7-4220-9040-A02E1709FD2A}
	EndGlobalSection
EndGlobal
